
Microsoft Visual Studio Solution File, Format Version 12.00
# Visual Studio Version 16
VisualStudioVersion = 16.0.30907.101
MinimumVisualStudioVersion = 10.0.40219.1
Project("{FAE04EC0-301F-11D3-BF4B-00C04F79EFBC}") = "szczepix.EasyConsole", "EasyConsole\szczepix.EasyConsole.csproj", "{DA79BA94-FAD6-462F-89C7-774FE822D594}"
EndProject
Project("{FAE04EC0-301F-11D3-BF4B-00C04F79EFBC}") = "Demo", "Demo\Demo.csproj", "{335BFAFC-A132-4940-B335-3F9E997D965A}"
EndProject
Project("{2150E333-8FDC-42A3-9474-1A3956D46DE8}") = "SolutionItems", "SolutionItems", "{E36419C8-2D4F-479B-A668-40E8099573F3}"
	ProjectSection(SolutionItems) = preProject
		.gitattributes = .gitattributes
		.gitignore = .gitignore
		LICENSE = LICENSE
		README.md = README.md
	EndProjectSection
EndProject
Global
	GlobalSection(SolutionConfigurationPlatforms) = preSolution
		Debug|Any CPU = Debug|Any CPU
		Release|Any CPU = Release|Any CPU
	EndGlobalSection
	GlobalSection(ProjectConfigurationPlatforms) = postSolution
		{DA79BA94-FAD6-462F-89C7-774FE822D594}.Debug|Any CPU.ActiveCfg = Debug|Any CPU
		{DA79BA94-FAD6-462F-89C7-774FE822D594}.Debug|Any CPU.Build.0 = Debug|Any CPU
		{DA79BA94-FAD6-462F-89C7-774FE822D594}.Release|Any CPU.ActiveCfg = Release|Any CPU
		{DA79BA94-FAD6-462F-89C7-774FE822D594}.Release|Any CPU.Build.0 = Release|Any CPU
		{335BFAFC-A132-4940-B335-3F9E997D965A}.Debug|Any CPU.ActiveCfg = Debug|Any CPU
		{335BFAFC-A132-4940-B335-3F9E997D965A}.Debug|Any CPU.Build.0 = Debug|Any CPU
		{335BFAFC-A132-4940-B335-3F9E997D965A}.Release|Any CPU.ActiveCfg = Release|Any CPU
		{335BFAFC-A132-4940-B335-3F9E997D965A}.Release|Any CPU.Build.0 = Release|Any CPU
	EndGlobalSection
	GlobalSection(SolutionProperties) = preSolution
		HideSolutionNode = FALSE
	EndGlobalSection
	GlobalSection(ExtensibilityGlobals) = postSolution
		SolutionGuid = {7D5DD2C4-3B26-4F51-AAB7-20FCA8EDBC1E}
	EndGlobalSection
EndGlobal
